
Microsoft Visual Studio Solution File, Format Version 12.00
# Visual Studio Version 17
VisualStudioVersion = 17.0.31903.59
MinimumVisualStudioVersion = 10.0.40219.1
Project("{2150E333-8FDC-42A3-9474-1A3956D46DE8}") = "src", "src", "{827E0CD3-B72D-47B6-A68D-7590B98EB39B}"
EndProject
Project("{2150E333-8FDC-42A3-9474-1A3956D46DE8}") = "Shared", "Shared", "{C8E42992-5E42-0C2B-DBFE-AA848D06431C}"
EndProject
Project("{FAE04EC0-301F-11D3-BF4B-00C04F79EFBC}") = "Shared.Observability", "src\Shared\Shared.Observability\Shared.Observability.csproj", "{60A308E3-5FC0-467D-867F-A79DCE8E4937}"
EndProject
Project("{FAE04EC0-301F-11D3-BF4B-00C04F79EFBC}") = "Shared.Kafka", "src\Shared\Shared.Kafka\Shared.Kafka.csproj", "{D41BACA5-BEE0-44AE-882B-1913E2D2F74D}"
EndProject
Project("{2150E333-8FDC-42A3-9474-1A3956D46DE8}") = "Services", "Services", "{984BB9B3-3FA3-BE33-9484-CAC21695A33C}"
EndProject
Project("{FAE04EC0-301F-11D3-BF4B-00C04F79EFBC}") = "PricingService", "src\Services\PricingService\PricingService.csproj", "{B0BECD46-99AC-430D-B506-DCC32E10E99E}"
EndProject
Project("{FAE04EC0-301F-11D3-BF4B-00C04F79EFBC}") = "NavCalculator", "src\Services\NavCalculator\NavCalculator.csproj", "{1C139330-5DCC-4474-8617-80F1E1265B22}"
EndProject
Project("{FAE04EC0-301F-11D3-BF4B-00C04F79EFBC}") = "NotificationService", "src\Services\NotificationService\NotificationService.csproj", "{989CF1AF-64DE-4E43-A63B-1B54A7A1182C}"
EndProject
Project("{2150E333-8FDC-42A3-9474-1A3956D46DE8}") = "Tools", "Tools", "{DCB6FCB8-FF92-AC57-0842-1F72A354D6B1}"
EndProject
Project("{FAE04EC0-301F-11D3-BF4B-00C04F79EFBC}") = "LoadTester", "src\Tools\LoadTester\LoadTester.csproj", "{D9AC743F-74BE-40B9-A071-0344279E6F82}"
EndProject
Global
	GlobalSection(SolutionConfigurationPlatforms) = preSolution
		Debug|Any CPU = Debug|Any CPU
		Debug|x64 = Debug|x64
		Debug|x86 = Debug|x86
		Release|Any CPU = Release|Any CPU
		Release|x64 = Release|x64
		Release|x86 = Release|x86
	EndGlobalSection
	GlobalSection(ProjectConfigurationPlatforms) = postSolution
		{60A308E3-5FC0-467D-867F-A79DCE8E4937}.Debug|Any CPU.ActiveCfg = Debug|Any CPU
		{60A308E3-5FC0-467D-867F-A79DCE8E4937}.Debug|Any CPU.Build.0 = Debug|Any CPU
		{60A308E3-5FC0-467D-867F-A79DCE8E4937}.Debug|x64.ActiveCfg = Debug|Any CPU
		{60A308E3-5FC0-467D-867F-A79DCE8E4937}.Debug|x64.Build.0 = Debug|Any CPU
		{60A308E3-5FC0-467D-867F-A79DCE8E4937}.Debug|x86.ActiveCfg = Debug|Any CPU
		{60A308E3-5FC0-467D-867F-A79DCE8E4937}.Debug|x86.Build.0 = Debug|Any CPU
		{60A308E3-5FC0-467D-867F-A79DCE8E4937}.Release|Any CPU.ActiveCfg = Release|Any CPU
		{60A308E3-5FC0-467D-867F-A79DCE8E4937}.Release|Any CPU.Build.0 = Release|Any CPU
		{60A308E3-5FC0-467D-867F-A79DCE8E4937}.Release|x64.ActiveCfg = Release|Any CPU
		{60A308E3-5FC0-467D-867F-A79DCE8E4937}.Release|x64.Build.0 = Release|Any CPU
		{60A308E3-5FC0-467D-867F-A79DCE8E4937}.Release|x86.ActiveCfg = Release|Any CPU
		{60A308E3-5FC0-467D-867F-A79DCE8E4937}.Release|x86.Build.0 = Release|Any CPU
		{D41BACA5-BEE0-44AE-882B-1913E2D2F74D}.Debug|Any CPU.ActiveCfg = Debug|Any CPU
		{D41BACA5-BEE0-44AE-882B-1913E2D2F74D}.Debug|Any CPU.Build.0 = Debug|Any CPU
		{D41BACA5-BEE0-44AE-882B-1913E2D2F74D}.Debug|x64.ActiveCfg = Debug|Any CPU
		{D41BACA5-BEE0-44AE-882B-1913E2D2F74D}.Debug|x64.Build.0 = Debug|Any CPU
		{D41BACA5-BEE0-44AE-882B-1913E2D2F74D}.Debug|x86.ActiveCfg = Debug|Any CPU
		{D41BACA5-BEE0-44AE-882B-1913E2D2F74D}.Debug|x86.Build.0 = Debug|Any CPU
		{D41BACA5-BEE0-44AE-882B-1913E2D2F74D}.Release|Any CPU.ActiveCfg = Release|Any CPU
		{D41BACA5-BEE0-44AE-882B-1913E2D2F74D}.Release|Any CPU.Build.0 = Release|Any CPU
		{D41BACA5-BEE0-44AE-882B-1913E2D2F74D}.Release|x64.ActiveCfg = Release|Any CPU
		{D41BACA5-BEE0-44AE-882B-1913E2D2F74D}.Release|x64.Build.0 = Release|Any CPU
		{D41BACA5-BEE0-44AE-882B-1913E2D2F74D}.Release|x86.ActiveCfg = Release|Any CPU
		{D41BACA5-BEE0-44AE-882B-1913E2D2F74D}.Release|x86.Build.0 = Release|Any CPU
		{B0BECD46-99AC-430D-B506-DCC32E10E99E}.Debug|Any CPU.ActiveCfg = Debug|Any CPU
		{B0BECD46-99AC-430D-B506-DCC32E10E99E}.Debug|Any CPU.Build.0 = Debug|Any CPU
		{B0BECD46-99AC-430D-B506-DCC32E10E99E}.Debug|x64.ActiveCfg = Debug|Any CPU
		{B0BECD46-99AC-430D-B506-DCC32E10E99E}.Debug|x64.Build.0 = Debug|Any CPU
		{B0BECD46-99AC-430D-B506-DCC32E10E99E}.Debug|x86.ActiveCfg = Debug|Any CPU
		{B0BECD46-99AC-430D-B506-DCC32E10E99E}.Debug|x86.Build.0 = Debug|Any CPU
		{B0BECD46-99AC-430D-B506-DCC32E10E99E}.Release|Any CPU.ActiveCfg = Release|Any CPU
		{B0BECD46-99AC-430D-B506-DCC32E10E99E}.Release|Any CPU.Build.0 = Release|Any CPU
		{B0BECD46-99AC-430D-B506-DCC32E10E99E}.Release|x64.ActiveCfg = Release|Any CPU
		{B0BECD46-99AC-430D-B506-DCC32E10E99E}.Release|x64.Build.0 = Release|Any CPU
		{B0BECD46-99AC-430D-B506-DCC32E10E99E}.Release|x86.ActiveCfg = Release|Any CPU
		{B0BECD46-99AC-430D-B506-DCC32E10E99E}.Release|x86.Build.0 = Release|Any CPU
		{1C139330-5DCC-4474-8617-80F1E1265B22}.Debug|Any CPU.ActiveCfg = Debug|Any CPU
		{1C139330-5DCC-4474-8617-80F1E1265B22}.Debug|Any CPU.Build.0 = Debug|Any CPU
		{1C139330-5DCC-4474-8617-80F1E1265B22}.Debug|x64.ActiveCfg = Debug|Any CPU
		{1C139330-5DCC-4474-8617-80F1E1265B22}.Debug|x64.Build.0 = Debug|Any CPU
		{1C139330-5DCC-4474-8617-80F1E1265B22}.Debug|x86.ActiveCfg = Debug|Any CPU
		{1C139330-5DCC-4474-8617-80F1E1265B22}.Debug|x86.Build.0 = Debug|Any CPU
		{1C139330-5DCC-4474-8617-80F1E1265B22}.Release|Any CPU.ActiveCfg = Release|Any CPU
		{1C139330-5DCC-4474-8617-80F1E1265B22}.Release|Any CPU.Build.0 = Release|Any CPU
		{1C139330-5DCC-4474-8617-80F1E1265B22}.Release|x64.ActiveCfg = Release|Any CPU
		{1C139330-5DCC-4474-8617-80F1E1265B22}.Release|x64.Build.0 = Release|Any CPU
		{1C139330-5DCC-4474-8617-80F1E1265B22}.Release|x86.ActiveCfg = Release|Any CPU
		{1C139330-5DCC-4474-8617-80F1E1265B22}.Release|x86.Build.0 = Release|Any CPU
		{989CF1AF-64DE-4E43-A63B-1B54A7A1182C}.Debug|Any CPU.ActiveCfg = Debug|Any CPU
		{989CF1AF-64DE-4E43-A63B-1B54A7A1182C}.Debug|Any CPU.Build.0 = Debug|Any CPU
		{989CF1AF-64DE-4E43-A63B-1B54A7A1182C}.Debug|x64.ActiveCfg = Debug|Any CPU
		{989CF1AF-64DE-4E43-A63B-1B54A7A1182C}.Debug|x64.Build.0 = Debug|Any CPU
		{989CF1AF-64DE-4E43-A63B-1B54A7A1182C}.Debug|x86.ActiveCfg = Debug|Any CPU
		{989CF1AF-64DE-4E43-A63B-1B54A7A1182C}.Debug|x86.Build.0 = Debug|Any CPU
		{989CF1AF-64DE-4E43-A63B-1B54A7A1182C}.Release|Any CPU.ActiveCfg = Release|Any CPU
		{989CF1AF-64DE-4E43-A63B-1B54A7A1182C}.Release|Any CPU.Build.0 = Release|Any CPU
		{989CF1AF-64DE-4E43-A63B-1B54A7A1182C}.Release|x64.ActiveCfg = Release|Any CPU
		{989CF1AF-64DE-4E43-A63B-1B54A7A1182C}.Release|x64.Build.0 = Release|Any CPU
		{989CF1AF-64DE-4E43-A63B-1B54A7A1182C}.Release|x86.ActiveCfg = Release|Any CPU
		{989CF1AF-64DE-4E43-A63B-1B54A7A1182C}.Release|x86.Build.0 = Release|Any CPU
		{D9AC743F-74BE-40B9-A071-0344279E6F82}.Debug|Any CPU.ActiveCfg = Debug|Any CPU
		{D9AC743F-74BE-40B9-A071-0344279E6F82}.Debug|Any CPU.Build.0 = Debug|Any CPU
		{D9AC743F-74BE-40B9-A071-0344279E6F82}.Debug|x64.ActiveCfg = Debug|Any CPU
		{D9AC743F-74BE-40B9-A071-0344279E6F82}.Debug|x64.Build.0 = Debug|Any CPU
		{D9AC743F-74BE-40B9-A071-0344279E6F82}.Debug|x86.ActiveCfg = Debug|Any CPU
		{D9AC743F-74BE-40B9-A071-0344279E6F82}.Debug|x86.Build.0 = Debug|Any CPU
		{D9AC743F-74BE-40B9-A071-0344279E6F82}.Release|Any CPU.ActiveCfg = Release|Any CPU
		{D9AC743F-74BE-40B9-A071-0344279E6F82}.Release|Any CPU.Build.0 = Release|Any CPU
		{D9AC743F-74BE-40B9-A071-0344279E6F82}.Release|x64.ActiveCfg = Release|Any CPU
		{D9AC743F-74BE-40B9-A071-0344279E6F82}.Release|x64.Build.0 = Release|Any CPU
		{D9AC743F-74BE-40B9-A071-0344279E6F82}.Release|x86.ActiveCfg = Release|Any CPU
		{D9AC743F-74BE-40B9-A071-0344279E6F82}.Release|x86.Build.0 = Release|Any CPU
	EndGlobalSection
	GlobalSection(SolutionProperties) = preSolution
		HideSolutionNode = FALSE
	EndGlobalSection
	GlobalSection(NestedProjects) = preSolution
		{C8E42992-5E42-0C2B-DBFE-AA848D06431C} = {827E0CD3-B72D-47B6-A68D-7590B98EB39B}
		{60A308E3-5FC0-467D-867F-A79DCE8E4937} = {C8E42992-5E42-0C2B-DBFE-AA848D06431C}
		{D41BACA5-BEE0-44AE-882B-1913E2D2F74D} = {C8E42992-5E42-0C2B-DBFE-AA848D06431C}
		{984BB9B3-3FA3-BE33-9484-CAC21695A33C} = {827E0CD3-B72D-47B6-A68D-7590B98EB39B}
		{B0BECD46-99AC-430D-B506-DCC32E10E99E} = {984BB9B3-3FA3-BE33-9484-CAC21695A33C}
		{1C139330-5DCC-4474-8617-80F1E1265B22} = {984BB9B3-3FA3-BE33-9484-CAC21695A33C}
		{989CF1AF-64DE-4E43-A63B-1B54A7A1182C} = {984BB9B3-3FA3-BE33-9484-CAC21695A33C}
		{DCB6FCB8-FF92-AC57-0842-1F72A354D6B1} = {827E0CD3-B72D-47B6-A68D-7590B98EB39B}
		{D9AC743F-74BE-40B9-A071-0344279E6F82} = {DCB6FCB8-FF92-AC57-0842-1F72A354D6B1}
	EndGlobalSection
EndGlobal
